{
  "name": "node",
  "version": "1.0.0",
  "lockfileVersion": 3,
  "requires": true,
  "packages": {
    "": {
      "name": "node",
      "version": "1.0.0",
      "license": "ISC",
      "dependencies": {
        "yac-math": "^3.1.5"
      }
    },
    "node_modules/yac-math": {
      "version": "3.1.5",
      "resolved": "https://registry.npmjs.org/yac-math/-/yac-math-3.1.5.tgz",
      "integrity": "sha512-Tq5HUnrCkTjW6EL04GcwtoZ2a7+GifdhmmYwYx9wpklHxgVnDgnt9UIUpMdnZUUN2kt5jEA5AsQnkqdrzru1cQ=="
    }
  }
}
